
Microsoft Visual Studio Solution File, Format Version 12.00
# Visual Studio Version 17
VisualStudioVersion = 17.8.34408.163
MinimumVisualStudioVersion = 10.0.40219.1
Project("{9A19103F-16F7-4668-BE54-9A1E7A4F7556}") = "ToDoList", "ToDoList\ToDoList.csproj", "{60FF2380-BEDB-4281-9532-6EE0E5BB3813}"
EndProject
Project("{FAE04EC0-301F-11D3-BF4B-00C04F79EFBC}") = "TestProject", "TestProject\TestProject.csproj", "{9401A44B-8D94-4961-81E5-1DFF2CDEF850}"
EndProject
Global
	GlobalSection(SolutionConfigurationPlatforms) = preSolution
		Debug|Any CPU = Debug|Any CPU
		Release|Any CPU = Release|Any CPU
	EndGlobalSection
	GlobalSection(ProjectConfigurationPlatforms) = postSolution
		{60FF2380-BEDB-4281-9532-6EE0E5BB3813}.Debug|Any CPU.ActiveCfg = Debug|Any CPU
		{60FF2380-BEDB-4281-9532-6EE0E5BB3813}.Debug|Any CPU.Build.0 = Debug|Any CPU
		{60FF2380-BEDB-4281-9532-6EE0E5BB3813}.Release|Any CPU.ActiveCfg = Release|Any CPU
		{60FF2380-BEDB-4281-9532-6EE0E5BB3813}.Release|Any CPU.Build.0 = Release|Any CPU
		{9401A44B-8D94-4961-81E5-1DFF2CDEF850}.Debug|Any CPU.ActiveCfg = Debug|Any CPU
		{9401A44B-8D94-4961-81E5-1DFF2CDEF850}.Debug|Any CPU.Build.0 = Debug|Any CPU
		{9401A44B-8D94-4961-81E5-1DFF2CDEF850}.Release|Any CPU.ActiveCfg = Release|Any CPU
		{9401A44B-8D94-4961-81E5-1DFF2CDEF850}.Release|Any CPU.Build.0 = Release|Any CPU
	EndGlobalSection
	GlobalSection(SolutionProperties) = preSolution
		HideSolutionNode = FALSE
	EndGlobalSection
	GlobalSection(ExtensibilityGlobals) = postSolution
		SolutionGuid = {232F9C2A-34BF-44EA-A82A-9C9CC32CEB67}
	EndGlobalSection
EndGlobal
